
Microsoft Visual Studio Solution File, Format Version 12.00
# Visual Studio Version 17
VisualStudioVersion = 17.2.32516.85
MinimumVisualStudioVersion = 10.0.40219.1
Project("{9A19103F-16F7-4668-BE54-9A1E7A4F7556}") = "CoronaAppProject", "CoronaAppProject\CoronaAppProject.csproj", "{5BC80F68-6638-4441-9B97-D9C503C1514F}"
EndProject
Project("{9A19103F-16F7-4668-BE54-9A1E7A4F7556}") = "Dal", "Dal\Dal.csproj", "{B2CB2870-D963-4D54-B73D-9E64FBD18762}"
EndProject
Project("{9A19103F-16F7-4668-BE54-9A1E7A4F7556}") = "Services", "Services\Services.csproj", "{302F1F99-EA4F-43B4-B100-D38FBDD0B203}"
EndProject
Project("{2150E333-8FDC-42A3-9474-1A3956D46DE8}") = "Tests", "Tests", "{7C54C7F1-2F27-4259-8E29-8D6BB8504AF4}"
EndProject
Project("{FAE04EC0-301F-11D3-BF4B-00C04F79EFBC}") = "CoronaAppTest", "CoronaAppTest\CoronaAppTest.csproj", "{D18A716B-99E8-42E9-A5AE-A0C3B0C0C634}"
EndProject
Global
	GlobalSection(SolutionConfigurationPlatforms) = preSolution
		Debug|Any CPU = Debug|Any CPU
		Release|Any CPU = Release|Any CPU
	EndGlobalSection
	GlobalSection(ProjectConfigurationPlatforms) = postSolution
		{5BC80F68-6638-4441-9B97-D9C503C1514F}.Debug|Any CPU.ActiveCfg = Debug|Any CPU
		{5BC80F68-6638-4441-9B97-D9C503C1514F}.Debug|Any CPU.Build.0 = Debug|Any CPU
		{5BC80F68-6638-4441-9B97-D9C503C1514F}.Release|Any CPU.ActiveCfg = Release|Any CPU
		{5BC80F68-6638-4441-9B97-D9C503C1514F}.Release|Any CPU.Build.0 = Release|Any CPU
		{B2CB2870-D963-4D54-B73D-9E64FBD18762}.Debug|Any CPU.ActiveCfg = Debug|Any CPU
		{B2CB2870-D963-4D54-B73D-9E64FBD18762}.Debug|Any CPU.Build.0 = Debug|Any CPU
		{B2CB2870-D963-4D54-B73D-9E64FBD18762}.Release|Any CPU.ActiveCfg = Release|Any CPU
		{B2CB2870-D963-4D54-B73D-9E64FBD18762}.Release|Any CPU.Build.0 = Release|Any CPU
		{302F1F99-EA4F-43B4-B100-D38FBDD0B203}.Debug|Any CPU.ActiveCfg = Debug|Any CPU
		{302F1F99-EA4F-43B4-B100-D38FBDD0B203}.Debug|Any CPU.Build.0 = Debug|Any CPU
		{302F1F99-EA4F-43B4-B100-D38FBDD0B203}.Release|Any CPU.ActiveCfg = Release|Any CPU
		{302F1F99-EA4F-43B4-B100-D38FBDD0B203}.Release|Any CPU.Build.0 = Release|Any CPU
		{D18A716B-99E8-42E9-A5AE-A0C3B0C0C634}.Debug|Any CPU.ActiveCfg = Debug|Any CPU
		{D18A716B-99E8-42E9-A5AE-A0C3B0C0C634}.Debug|Any CPU.Build.0 = Debug|Any CPU
		{D18A716B-99E8-42E9-A5AE-A0C3B0C0C634}.Release|Any CPU.ActiveCfg = Release|Any CPU
		{D18A716B-99E8-42E9-A5AE-A0C3B0C0C634}.Release|Any CPU.Build.0 = Release|Any CPU
	EndGlobalSection
	GlobalSection(SolutionProperties) = preSolution
		HideSolutionNode = FALSE
	EndGlobalSection
	GlobalSection(NestedProjects) = preSolution
		{D18A716B-99E8-42E9-A5AE-A0C3B0C0C634} = {7C54C7F1-2F27-4259-8E29-8D6BB8504AF4}
	EndGlobalSection
	GlobalSection(ExtensibilityGlobals) = postSolution
		SolutionGuid = {03EF602F-2E3C-4764-8C50-C7986257E9E8}
	EndGlobalSection
EndGlobal
